
Microsoft Visual Studio Solution File, Format Version 12.00
# Visual Studio Version 17
VisualStudioVersion = 17.8.34525.116
MinimumVisualStudioVersion = 10.0.40219.1
Project("{FAE04EC0-301F-11D3-BF4B-00C04F79EFBC}") = "IMCarray", "IMCarray\IMCarray.csproj", "{3CEE0085-174E-4C95-8F91-E27840AD077C}"
EndProject
Global
	GlobalSection(SolutionConfigurationPlatforms) = preSolution
		Debug|Any CPU = Debug|Any CPU
		Release|Any CPU = Release|Any CPU
	EndGlobalSection
	GlobalSection(ProjectConfigurationPlatforms) = postSolution
		{3CEE0085-174E-4C95-8F91-E27840AD077C}.Debug|Any CPU.ActiveCfg = Debug|Any CPU
		{3CEE0085-174E-4C95-8F91-E27840AD077C}.Debug|Any CPU.Build.0 = Debug|Any CPU
		{3CEE0085-174E-4C95-8F91-E27840AD077C}.Release|Any CPU.ActiveCfg = Release|Any CPU
		{3CEE0085-174E-4C95-8F91-E27840AD077C}.Release|Any CPU.Build.0 = Release|Any CPU
	EndGlobalSection
	GlobalSection(SolutionProperties) = preSolution
		HideSolutionNode = FALSE
	EndGlobalSection
	GlobalSection(ExtensibilityGlobals) = postSolution
		SolutionGuid = {D10C5BBC-9509-4DE9-840E-FE22CA875EA3}
	EndGlobalSection
EndGlobal
